// !$*UTF8*$!
{
	archiveVersion = 1;
	classes = {
	};
	objectVersion = 46;
	objects = {

/* Begin PBXBuildFile section */
		1FE1FD2C1D89A5510005CA18 /* AppDelegate.swift in Sources */ = {isa = PBXBuildFile; fileRef = 1FE1FD2B1D89A5510005CA18 /* AppDelegate.swift */; };
		1FE1FD2E1D89A5510005CA18 /* ViewController.swift in Sources */ = {isa = PBXBuildFile; fileRef = 1FE1FD2D1D89A5510005CA18 /* ViewController.swift */; };
		1FE1FD311D89A5510005CA18 /* Main.storyboard in Resources */ = {isa = PBXBuildFile; fileRef = 1FE1FD2F1D89A5510005CA18 /* Main.storyboard */; };
		1FE1FD331D89A5510005CA18 /* Assets.xcassets in Resources */ = {isa = PBXBuildFile; fileRef = 1FE1FD321D89A5510005CA18 /* Assets.xcassets */; };
		1FE1FD361D89A5510005CA18 /* LaunchScreen.storyboard in Resources */ = {isa = PBXBuildFile; fileRef = 1FE1FD341D89A5510005CA18 /* LaunchScreen.storyboard */; };
		1FE1FD411D89A5520005CA18 /* mamrTests.swift in Sources */ = {isa = PBXBuildFile; fileRef = 1FE1FD401D89A5520005CA18 /* mamrTests.swift */; };
		1FE1FD4C1D89A5520005CA18 /* mamrUITests.swift in Sources */ = {isa = PBXBuildFile; fileRef = 1FE1FD4B1D89A5520005CA18 /* mamrUITests.swift */; };
		1FE1FD511D89A5520005CA18 /* mamr WatchKit App.app in Embed Watch Content */ = {isa = PBXBuildFile; fileRef = 1FE1FD501D89A5520005CA18 /* mamr WatchKit App.app */; };
		1FE1FD571D89A5520005CA18 /* Interface.storyboard in Resources */ = {isa = PBXBuildFile; fileRef = 1FE1FD551D89A5520005CA18 /* Interface.storyboard */; };
		1FE1FD591D89A5520005CA18 /* Assets.xcassets in Resources */ = {isa = PBXBuildFile; fileRef = 1FE1FD581D89A5520005CA18 /* Assets.xcassets */; };
		1FE1FD601D89A5520005CA18 /* mamr WatchKit Extension.appex in Embed App Extensions */ = {isa = PBXBuildFile; fileRef = 1FE1FD5F1D89A5520005CA18 /* mamr WatchKit Extension.appex */; settings = {ATTRIBUTES = (RemoveHeadersOnCopy, ); }; };
		1FE1FD671D89A5520005CA18 /* InterfaceController.swift in Sources */ = {isa = PBXBuildFile; fileRef = 1FE1FD661D89A5520005CA18 /* InterfaceController.swift */; };
		1FE1FD691D89A5520005CA18 /* ExtensionDelegate.swift in Sources */ = {isa = PBXBuildFile; fileRef = 1FE1FD681D89A5520005CA18 /* ExtensionDelegate.swift */; };
		1FE1FD6B1D89A5520005CA18 /* NotificationController.swift in Sources */ = {isa = PBXBuildFile; fileRef = 1FE1FD6A1D89A5520005CA18 /* NotificationController.swift */; };
		1FE1FD6D1D89A5520005CA18 /* Assets.xcassets in Resources */ = {isa = PBXBuildFile; fileRef = 1FE1FD6C1D89A5520005CA18 /* Assets.xcassets */; };
/* End PBXBuildFile section */

/* Begin PBXContainerItemProxy section */
		1FE1FD3D1D89A5520005CA18 /* PBXContainerItemProxy */ = {
			isa = PBXContainerItemProxy;
			containerPortal = 1FE1FD201D89A5510005CA18 /* Project object */;
			proxyType = 1;
			remoteGlobalIDString = 1FE1FD271D89A5510005CA18;
			remoteInfo = mamr;
		};
		1FE1FD481D89A5520005CA18 /* PBXContainerItemProxy */ = {
			isa = PBXContainerItemProxy;
			containerPortal = 1FE1FD201D89A5510005CA18 /* Project object */;
			proxyType = 1;
			remoteGlobalIDString = 1FE1FD271D89A5510005CA18;
			remoteInfo = mamr;
		};
		1FE1FD521D89A5520005CA18 /* PBXContainerItemProxy */ = {
			isa = PBXContainerItemProxy;
			containerPortal = 1FE1FD201D89A5510005CA18 /* Project object */;
			proxyType = 1;
			remoteGlobalIDString = 1FE1FD4F1D89A5520005CA18;
			remoteInfo = "mamr WatchKit App";
		};
		1FE1FD611D89A5520005CA18 /* PBXContainerItemProxy */ = {
			isa = PBXContainerItemProxy;
			containerPortal = 1FE1FD201D89A5510005CA18 /* Project object */;
			proxyType = 1;
			remoteGlobalIDString = 1FE1FD5E1D89A5520005CA18;
			remoteInfo = "mamr WatchKit Extension";
		};
/* End PBXContainerItemProxy section */

/* Begin PBXCopyFilesBuildPhase section */
		1FE1FD741D89A5520005CA18 /* Embed App Extensions */ = {
			isa = PBXCopyFilesBuildPhase;
			buildActionMask = 2147483647;
			dstPath = "";
			dstSubfolderSpec = 13;
			files = (
				1FE1FD601D89A5520005CA18 /* mamr WatchKit Extension.appex in Embed App Extensions */,
			);
			name = "Embed App Extensions";
			runOnlyForDeploymentPostprocessing = 0;
		};
		1FE1FD781D89A5520005CA18 /* Embed Watch Content */ = {
			isa = PBXCopyFilesBuildPhase;
			buildActionMask = 2147483647;
			dstPath = "$(CONTENTS_FOLDER_PATH)/Watch";
			dstSubfolderSpec = 16;
			files = (
				1FE1FD511D89A5520005CA18 /* mamr WatchKit App.app in Embed Watch Content */,
			);
			name = "Embed Watch Content";
			runOnlyForDeploymentPostprocessing = 0;
		};
/* End PBXCopyFilesBuildPhase section */

/* Begin PBXFileReference section */
		1FE1FD281D89A5510005CA18 /* mamr.app */ = {isa = PBXFileReference; explicitFileType = wrapper.application; includeInIndex = 0; path = mamr.app; sourceTree = BUILT_PRODUCTS_DIR; };
		1FE1FD2B1D89A5510005CA18 /* AppDelegate.swift */ = {isa = PBXFileReference; lastKnownFileType = sourcecode.swift; path = AppDelegate.swift; sourceTree = "<group>"; };
		1FE1FD2D1D89A5510005CA18 /* ViewController.swift */ = {isa = PBXFileReference; lastKnownFileType = sourcecode.swift; path = ViewController.swift; sourceTree = "<group>"; };
		1FE1FD301D89A5510005CA18 /* Base */ = {isa = PBXFileReference; lastKnownFileType = file.storyboard; name = Base; path = Base.lproj/Main.storyboard; sourceTree = "<group>"; };
		1FE1FD321D89A5510005CA18 /* Assets.xcassets */ = {isa = PBXFileReference; lastKnownFileType = folder.assetcatalog; path = Assets.xcassets; sourceTree = "<group>"; };
		1FE1FD351D89A5510005CA18 /* Base */ = {isa = PBXFileReference; lastKnownFileType = file.storyboard; name = Base; path = Base.lproj/LaunchScreen.storyboard; sourceTree = "<group>"; };
		1FE1FD371D89A5510005CA18 /* Info.plist */ = {isa = PBXFileReference; lastKnownFileType = text.plist.xml; path = Info.plist; sourceTree = "<group>"; };
		1FE1FD3C1D89A5520005CA18 /* mamrTests.xctest */ = {isa = PBXFileReference; explicitFileType = wrapper.cfbundle; includeInIndex = 0; path = mamrTests.xctest; sourceTree = BUILT_PRODUCTS_DIR; };
		1FE1FD401D89A5520005CA18 /* mamrTests.swift */ = {isa = PBXFileReference; lastKnownFileType = sourcecode.swift; path = mamrTests.swift; sourceTree = "<group>"; };
		1FE1FD421D89A5520005CA18 /* Info.plist */ = {isa = PBXFileReference; lastKnownFileType = text.plist.xml; path = Info.plist; sourceTree = "<group>"; };
		1FE1FD471D89A5520005CA18 /* mamrUITests.xctest */ = {isa = PBXFileReference; explicitFileType = wrapper.cfbundle; includeInIndex = 0; path = mamrUITests.xctest; sourceTree = BUILT_PRODUCTS_DIR; };
		1FE1FD4B1D89A5520005CA18 /* mamrUITests.swift */ = {isa = PBXFileReference; lastKnownFileType = sourcecode.swift; path = mamrUITests.swift; sourceTree = "<group>"; };
		1FE1FD4D1D89A5520005CA18 /* Info.plist */ = {isa = PBXFileReference; lastKnownFileType = text.plist.xml; path = Info.plist; sourceTree = "<group>"; };
		1FE1FD501D89A5520005CA18 /* mamr WatchKit App.app */ = {isa = PBXFileReference; explicitFileType = wrapper.application; includeInIndex = 0; path = "mamr WatchKit App.app"; sourceTree = BUILT_PRODUCTS_DIR; };
		1FE1FD561D89A5520005CA18 /* Base */ = {isa = PBXFileReference; lastKnownFileType = file.storyboard; name = Base; path = Base.lproj/Interface.storyboard; sourceTree = "<group>"; };
		1FE1FD581D89A5520005CA18 /* Assets.xcassets */ = {isa = PBXFileReference; lastKnownFileType = folder.assetcatalog; path = Assets.xcassets; sourceTree = "<group>"; };
		1FE1FD5A1D89A5520005CA18 /* Info.plist */ = {isa = PBXFileReference; lastKnownFileType = text.plist.xml; path = Info.plist; sourceTree = "<group>"; };
		1FE1FD5F1D89A5520005CA18 /* mamr WatchKit Extension.appex */ = {isa = PBXFileReference; explicitFileType = "wrapper.app-extension"; includeInIndex = 0; path = "mamr WatchKit Extension.appex"; sourceTree = BUILT_PRODUCTS_DIR; };
		1FE1FD651D89A5520005CA18 /* PushNotificationPayload.apns */ = {isa = PBXFileReference; lastKnownFileType = text; path = PushNotificationPayload.apns; sourceTree = "<group>"; };
		1FE1FD661D89A5520005CA18 /* InterfaceController.swift */ = {isa = PBXFileReference; lastKnownFileType = sourcecode.swift; path = InterfaceController.swift; sourceTree = "<group>"; };
		1FE1FD681D89A5520005CA18 /* ExtensionDelegate.swift */ = {isa = PBXFileReference; lastKnownFileType = sourcecode.swift; path = ExtensionDelegate.swift; sourceTree = "<group>"; };
		1FE1FD6A1D89A5520005CA18 /* NotificationController.swift */ = {isa = PBXFileReference; lastKnownFileType = sourcecode.swift; path = NotificationController.swift; sourceTree = "<group>"; };
		1FE1FD6C1D89A5520005CA18 /* Assets.xcassets */ = {isa = PBXFileReference; lastKnownFileType = folder.assetcatalog; path = Assets.xcassets; sourceTree = "<group>"; };
		1FE1FD6E1D89A5520005CA18 /* Info.plist */ = {isa = PBXFileReference; lastKnownFileType = text.plist.xml; path = Info.plist; sourceTree = "<group>"; };
/* End PBXFileReference section */

/* Begin PBXFrameworksBuildPhase section */
		1FE1FD251D89A5510005CA18 /* Frameworks */ = {
			isa = PBXFrameworksBuildPhase;
			buildActionMask = 2147483647;
			files = (
			);
			runOnlyForDeploymentPostprocessing = 0;
		};
		1FE1FD391D89A5520005CA18 /* Frameworks */ = {
			isa = PBXFrameworksBuildPhase;
			buildActionMask = 2147483647;
			files = (
			);
			runOnlyForDeploymentPostprocessing = 0;
		};
		1FE1FD441D89A5520005CA18 /* Frameworks */ = {
			isa = PBXFrameworksBuildPhase;
			buildActionMask = 2147483647;
			files = (
			);
			runOnlyForDeploymentPostprocessing = 0;
		};
		1FE1FD5C1D89A5520005CA18 /* Frameworks */ = {
			isa = PBXFrameworksBuildPhase;
			buildActionMask = 2147483647;
			files = (
			);
			runOnlyForDeploymentPostprocessing = 0;
		};
/* End PBXFrameworksBuildPhase section */

/* Begin PBXGroup section */
		1FE1FD1F1D89A5510005CA18 = {
			isa = PBXGroup;
			children = (
				1FE1FD2A1D89A5510005CA18 /* mamr */,
				1FE1FD3F1D89A5520005CA18 /* mamrTests */,
				1FE1FD4A1D89A5520005CA18 /* mamrUITests */,
				1FE1FD541D89A5520005CA18 /* mamr WatchKit App */,
				1FE1FD631D89A5520005CA18 /* mamr WatchKit Extension */,
				1FE1FD291D89A5510005CA18 /* Products */,
			);
			sourceTree = "<group>";
		};
		1FE1FD291D89A5510005CA18 /* Products */ = {
			isa = PBXGroup;
			children = (
				1FE1FD281D89A5510005CA18 /* mamr.app */,
				1FE1FD3C1D89A5520005CA18 /* mamrTests.xctest */,
				1FE1FD471D89A5520005CA18 /* mamrUITests.xctest */,
				1FE1FD501D89A5520005CA18 /* mamr WatchKit App.app */,
				1FE1FD5F1D89A5520005CA18 /* mamr WatchKit Extension.appex */,
			);
			name = Products;
			sourceTree = "<group>";
		};
		1FE1FD2A1D89A5510005CA18 /* mamr */ = {
			isa = PBXGroup;
			children = (
				1FE1FD2B1D89A5510005CA18 /* AppDelegate.swift */,
				1FE1FD2D1D89A5510005CA18 /* ViewController.swift */,
				1FE1FD2F1D89A5510005CA18 /* Main.storyboard */,
				1FE1FD321D89A5510005CA18 /* Assets.xcassets */,
				1FE1FD341D89A5510005CA18 /* LaunchScreen.storyboard */,
				1FE1FD371D89A5510005CA18 /* Info.plist */,
			);
			path = mamr;
			sourceTree = "<group>";
		};
		1FE1FD3F1D89A5520005CA18 /* mamrTests */ = {
			isa = PBXGroup;
			children = (
				1FE1FD401D89A5520005CA18 /* mamrTests.swift */,
				1FE1FD421D89A5520005CA18 /* Info.plist */,
			);
			path = mamrTests;
			sourceTree = "<group>";
		};
		1FE1FD4A1D89A5520005CA18 /* mamrUITests */ = {
			isa = PBXGroup;
			children = (
				1FE1FD4B1D89A5520005CA18 /* mamrUITests.swift */,
				1FE1FD4D1D89A5520005CA18 /* Info.plist */,
			);
			path = mamrUITests;
			sourceTree = "<group>";
		};
		1FE1FD541D89A5520005CA18 /* mamr WatchKit App */ = {
			isa = PBXGroup;
			children = (
				1FE1FD551D89A5520005CA18 /* Interface.storyboard */,
				1FE1FD581D89A5520005CA18 /* Assets.xcassets */,
				1FE1FD5A1D89A5520005CA18 /* Info.plist */,
			);
			path = "mamr WatchKit App";
			sourceTree = "<group>";
		};
		1FE1FD631D89A5520005CA18 /* mamr WatchKit Extension */ = {
			isa = PBXGroup;
			children = (
				1FE1FD661D89A5520005CA18 /* InterfaceController.swift */,
				1FE1FD681D89A5520005CA18 /* ExtensionDelegate.swift */,
				1FE1FD6A1D89A5520005CA18 /* NotificationController.swift */,
				1FE1FD6C1D89A5520005CA18 /* Assets.xcassets */,
				1FE1FD6E1D89A5520005CA18 /* Info.plist */,
				1FE1FD641D89A5520005CA18 /* Supporting Files */,
			);
			path = "mamr WatchKit Extension";
			sourceTree = "<group>";
		};
		1FE1FD641D89A5520005CA18 /* Supporting Files */ = {
			isa = PBXGroup;
			children = (
				1FE1FD651D89A5520005CA18 /* PushNotificationPayload.apns */,
			);
			name = "Supporting Files";
			sourceTree = "<group>";
		};
/* End PBXGroup section */

/* Begin PBXNativeTarget section */
		1FE1FD271D89A5510005CA18 /* mamr */ = {
			isa = PBXNativeTarget;
			buildConfigurationList = 1FE1FD791D89A5520005CA18 /* Build configuration list for PBXNativeTarget "mamr" */;
			buildPhases = (
				1FE1FD241D89A5510005CA18 /* Sources */,
				1FE1FD251D89A5510005CA18 /* Frameworks */,
				1FE1FD261D89A5510005CA18 /* Resources */,
				1FE1FD781D89A5520005CA18 /* Embed Watch Content */,
			);
			buildRules = (
			);
			dependencies = (
				1FE1FD531D89A5520005CA18 /* PBXTargetDependency */,
			);
			name = mamr;
			productName = mamr;
			productReference = 1FE1FD281D89A5510005CA18 /* mamr.app */;
			productType = "com.apple.product-type.application";
		};
		1FE1FD3B1D89A5520005CA18 /* mamrTests */ = {
			isa = PBXNativeTarget;
			buildConfigurationList = 1FE1FD7C1D89A5520005CA18 /* Build configuration list for PBXNativeTarget "mamrTests" */;
			buildPhases = (
				1FE1FD381D89A5520005CA18 /* Sources */,
				1FE1FD391D89A5520005CA18 /* Frameworks */,
				1FE1FD3A1D89A5520005CA18 /* Resources */,
			);
			buildRules = (
			);
			dependencies = (
				1FE1FD3E1D89A5520005CA18 /* PBXTargetDependency */,
			);
			name = mamrTests;
			productName = mamrTests;
			productReference = 1FE1FD3C1D89A5520005CA18 /* mamrTests.xctest */;
			productType = "com.apple.product-type.bundle.unit-test";
		};
		1FE1FD461D89A5520005CA18 /* mamrUITests */ = {
			isa = PBXNativeTarget;
			buildConfigurationList = 1FE1FD7F1D89A5520005CA18 /* Build configuration list for PBXNativeTarget "mamrUITests" */;
			buildPhases = (
				1FE1FD431D89A5520005CA18 /* Sources */,
				1FE1FD441D89A5520005CA18 /* Frameworks */,
				1FE1FD451D89A5520005CA18 /* Resources */,
			);
			buildRules = (
			);
			dependencies = (
				1FE1FD491D89A5520005CA18 /* PBXTargetDependency */,
			);
			name = mamrUITests;
			productName = mamrUITests;
			productReference = 1FE1FD471D89A5520005CA18 /* mamrUITests.xctest */;
			productType = "com.apple.product-type.bundle.ui-testing";
		};
		1FE1FD4F1D89A5520005CA18 /* mamr WatchKit App */ = {
			isa = PBXNativeTarget;
			buildConfigurationList = 1FE1FD751D89A5520005CA18 /* Build configuration list for PBXNativeTarget "mamr WatchKit App" */;
			buildPhases = (
				1FE1FD4E1D89A5520005CA18 /* Resources */,
				1FE1FD741D89A5520005CA18 /* Embed App Extensions */,
			);
			buildRules = (
			);
			dependencies = (
				1FE1FD621D89A5520005CA18 /* PBXTargetDependency */,
			);
			name = "mamr WatchKit App";
			productName = "mamr WatchKit App";
			productReference = 1FE1FD501D89A5520005CA18 /* mamr WatchKit App.app */;
			productType = "com.apple.product-type.application.watchapp2";
		};
		1FE1FD5E1D89A5520005CA18 /* mamr WatchKit Extension */ = {
			isa = PBXNativeTarget;
			buildConfigurationList = 1FE1FD711D89A5520005CA18 /* Build configuration list for PBXNativeTarget "mamr WatchKit Extension" */;
			buildPhases = (
				1FE1FD5B1D89A5520005CA18 /* Sources */,
				1FE1FD5C1D89A5520005CA18 /* Frameworks */,
				1FE1FD5D1D89A5520005CA18 /* Resources */,
			);
			buildRules = (
			);
			dependencies = (
			);
			name = "mamr WatchKit Extension";
			productName = "mamr WatchKit Extension";
			productReference = 1FE1FD5F1D89A5520005CA18 /* mamr WatchKit Extension.appex */;
			productType = "com.apple.product-type.watchkit2-extension";
		};
/* End PBXNativeTarget section */

/* Begin PBXProject section */
		1FE1FD201D89A5510005CA18 /* Project object */ = {
			isa = PBXProject;
			attributes = {
				LastSwiftUpdateCheck = 0800;
				LastUpgradeCheck = 0800;
				ORGANIZATIONNAME = "Fabian Wetekamp";
				TargetAttributes = {
					1FE1FD271D89A5510005CA18 = {
						CreatedOnToolsVersion = 8.0;
						ProvisioningStyle = Automatic;
					};
					1FE1FD3B1D89A5520005CA18 = {
						CreatedOnToolsVersion = 8.0;
						ProvisioningStyle = Automatic;
						TestTargetID = 1FE1FD271D89A5510005CA18;
					};
					1FE1FD461D89A5520005CA18 = {
						CreatedOnToolsVersion = 8.0;
						ProvisioningStyle = Automatic;
						TestTargetID = 1FE1FD271D89A5510005CA18;
					};
					1FE1FD4F1D89A5520005CA18 = {
						CreatedOnToolsVersion = 8.0;
						ProvisioningStyle = Automatic;
					};
					1FE1FD5E1D89A5520005CA18 = {
						CreatedOnToolsVersion = 8.0;
						ProvisioningStyle = Automatic;
					};
				};
			};
			buildConfigurationList = 1FE1FD231D89A5510005CA18 /* Build configuration list for PBXProject "mamr" */;
			compatibilityVersion = "Xcode 3.2";
			developmentRegion = English;
			hasScannedForEncodings = 0;
			knownRegions = (
				en,
				Base,
			);
			mainGroup = 1FE1FD1F1D89A5510005CA18;
			productRefGroup = 1FE1FD291D89A5510005CA18 /* Products */;
			projectDirPath = "";
			projectRoot = "";
			targets = (
				1FE1FD271D89A5510005CA18 /* mamr */,
				1FE1FD3B1D89A5520005CA18 /* mamrTests */,
				1FE1FD461D89A5520005CA18 /* mamrUITests */,
				1FE1FD4F1D89A5520005CA18 /* mamr WatchKit App */,
				1FE1FD5E1D89A5520005CA18 /* mamr WatchKit Extension */,
			);
		};
/* End PBXProject section */

/* Begin PBXResourcesBuildPhase section */
		1FE1FD261D89A5510005CA18 /* Resources */ = {
			isa = PBXResourcesBuildPhase;
			buildActionMask = 2147483647;
			files = (
				1FE1FD361D89A5510005CA18 /* LaunchScreen.storyboard in Resources */,
				1FE1FD331D89A5510005CA18 /* Assets.xcassets in Resources */,
				1FE1FD311D89A5510005CA18 /* Main.storyboard in Resources */,
			);
			runOnlyForDeploymentPostprocessing = 0;
		};
		1FE1FD3A1D89A5520005CA18 /* Resources */ = {
			isa = PBXResourcesBuildPhase;
			buildActionMask = 2147483647;
			files = (
			);
			runOnlyForDeploymentPostprocessing = 0;
		};
		1FE1FD451D89A5520005CA18 /* Resources */ = {
			isa = PBXResourcesBuildPhase;
			buildActionMask = 2147483647;
			files = (
			);
			runOnlyForDeploymentPostprocessing = 0;
		};
		1FE1FD4E1D89A5520005CA18 /* Resources */ = {
			isa = PBXResourcesBuildPhase;
			buildActionMask = 2147483647;
			files = (
				1FE1FD591D89A5520005CA18 /* Assets.xcassets in Resources */,
				1FE1FD571D89A5520005CA18 /* Interface.storyboard in Resources */,
			);
			runOnlyForDeploymentPostprocessing = 0;
		};
		1FE1FD5D1D89A5520005CA18 /* Resources */ = {
			isa = PBXResourcesBuildPhase;
			buildActionMask = 2147483647;
			files = (
				1FE1FD6D1D89A5520005CA18 /* Assets.xcassets in Resources */,
			);
			runOnlyForDeploymentPostprocessing = 0;
		};
/* End PBXResourcesBuildPhase section */

/* Begin PBXSourcesBuildPhase section */
		1FE1FD241D89A5510005CA18 /* Sources */ = {
			isa = PBXSourcesBuildPhase;
			buildActionMask = 2147483647;
			files = (
				1FE1FD2E1D89A5510005CA18 /* ViewController.swift in Sources */,
				1FE1FD2C1D89A5510005CA18 /* AppDelegate.swift in Sources */,
			);
			runOnlyForDeploymentPostprocessing = 0;
		};
		1FE1FD381D89A5520005CA18 /* Sources */ = {
			isa = PBXSourcesBuildPhase;
			buildActionMask = 2147483647;
			files = (
				1FE1FD411D89A5520005CA18 /* mamrTests.swift in Sources */,
			);
			runOnlyForDeploymentPostprocessing = 0;
		};
		1FE1FD431D89A5520005CA18 /* Sources */ = {
			isa = PBXSourcesBuildPhase;
			buildActionMask = 2147483647;
			files = (
				1FE1FD4C1D89A5520005CA18 /* mamrUITests.swift in Sources */,
			);
			runOnlyForDeploymentPostprocessing = 0;
		};
		1FE1FD5B1D89A5520005CA18 /* Sources */ = {
			isa = PBXSourcesBuildPhase;
			buildActionMask = 2147483647;
			files = (
				1FE1FD6B1D89A5520005CA18 /* NotificationController.swift in Sources */,
				1FE1FD691D89A5520005CA18 /* ExtensionDelegate.swift in Sources */,
				1FE1FD671D89A5520005CA18 /* InterfaceController.swift in Sources */,
			);
			runOnlyForDeploymentPostprocessing = 0;
		};
/* End PBXSourcesBuildPhase section */

/* Begin PBXTargetDependency section */
		1FE1FD3E1D89A5520005CA18 /* PBXTargetDependency */ = {
			isa = PBXTargetDependency;
			target = 1FE1FD271D89A5510005CA18 /* mamr */;
			targetProxy = 1FE1FD3D1D89A5520005CA18 /* PBXContainerItemProxy */;
		};
		1FE1FD491D89A5520005CA18 /* PBXTargetDependency */ = {
			isa = PBXTargetDependency;
			target = 1FE1FD271D89A5510005CA18 /* mamr */;
			targetProxy = 1FE1FD481D89A5520005CA18 /* PBXContainerItemProxy */;
		};
		1FE1FD531D89A5520005CA18 /* PBXTargetDependency */ = {
			isa = PBXTargetDependency;
			target = 1FE1FD4F1D89A5520005CA18 /* mamr WatchKit App */;
			targetProxy = 1FE1FD521D89A5520005CA18 /* PBXContainerItemProxy */;
		};
		1FE1FD621D89A5520005CA18 /* PBXTargetDependency */ = {
			isa = PBXTargetDependency;
			target = 1FE1FD5E1D89A5520005CA18 /* mamr WatchKit Extension */;
			targetProxy = 1FE1FD611D89A5520005CA18 /* PBXContainerItemProxy */;
		};
/* End PBXTargetDependency section */

/* Begin PBXVariantGroup section */
		1FE1FD2F1D89A5510005CA18 /* Main.storyboard */ = {
			isa = PBXVariantGroup;
			children = (
				1FE1FD301D89A5510005CA18 /* Base */,
			);
			name = Main.storyboard;
			sourceTree = "<group>";
		};
		1FE1FD341D89A5510005CA18 /* LaunchScreen.storyboard */ = {
			isa = PBXVariantGroup;
			children = (
				1FE1FD351D89A5510005CA18 /* Base */,
			);
			name = LaunchScreen.storyboard;
			sourceTree = "<group>";
		};
		1FE1FD551D89A5520005CA18 /* Interface.storyboard */ = {
			isa = PBXVariantGroup;
			children = (
				1FE1FD561D89A5520005CA18 /* Base */,
			);
			name = Interface.storyboard;
			sourceTree = "<group>";
		};
/* End PBXVariantGroup section */

/* Begin XCBuildConfiguration section */
		1FE1FD6F1D89A5520005CA18 /* Debug */ = {
			isa = XCBuildConfiguration;
			buildSettings = {
				ALWAYS_SEARCH_USER_PATHS = NO;
				CLANG_ANALYZER_NONNULL = YES;
				CLANG_CXX_LANGUAGE_STANDARD = "gnu++0x";
				CLANG_CXX_LIBRARY = "libc++";
				CLANG_ENABLE_MODULES = YES;
				CLANG_ENABLE_OBJC_ARC = YES;
				CLANG_WARN_BOOL_CONVERSION = YES;
				CLANG_WARN_CONSTANT_CONVERSION = YES;
				CLANG_WARN_DIRECT_OBJC_ISA_USAGE = YES_ERROR;
				CLANG_WARN_DOCUMENTATION_COMMENTS = YES;
				CLANG_WARN_EMPTY_BODY = YES;
				CLANG_WARN_ENUM_CONVERSION = YES;
				CLANG_WARN_INFINITE_RECURSION = YES;
				CLANG_WARN_INT_CONVERSION = YES;
				CLANG_WARN_OBJC_ROOT_CLASS = YES_ERROR;
				CLANG_WARN_SUSPICIOUS_MOVES = YES;
				CLANG_WARN_UNREACHABLE_CODE = YES;
				CLANG_WARN__DUPLICATE_METHOD_MATCH = YES;
				"CODE_SIGN_IDENTITY[sdk=iphoneos*]" = "iPhone Developer";
				COPY_PHASE_STRIP = NO;
				DEBUG_INFORMATION_FORMAT = dwarf;
				ENABLE_STRICT_OBJC_MSGSEND = YES;
				ENABLE_TESTABILITY = YES;
				GCC_C_LANGUAGE_STANDARD = gnu99;
				GCC_DYNAMIC_NO_PIC = NO;
				GCC_NO_COMMON_BLOCKS = YES;
				GCC_OPTIMIZATION_LEVEL = 0;
				GCC_PREPROCESSOR_DEFINITIONS = (
					"DEBUG=1",
					"$(inherited)",
				);
				GCC_WARN_64_TO_32_BIT_CONVERSION = YES;
				GCC_WARN_ABOUT_RETURN_TYPE = YES_ERROR;
				GCC_WARN_UNDECLARED_SELECTOR = YES;
				GCC_WARN_UNINITIALIZED_AUTOS = YES_AGGRESSIVE;
				GCC_WARN_UNUSED_FUNCTION = YES;
				GCC_WARN_UNUSED_VARIABLE = YES;
				IPHONEOS_DEPLOYMENT_TARGET = 10.0;
				MTL_ENABLE_DEBUG_INFO = YES;
				ONLY_ACTIVE_ARCH = YES;
				SDKROOT = iphoneos;
				SWIFT_ACTIVE_COMPILATION_CONDITIONS = DEBUG;
				SWIFT_OPTIMIZATION_LEVEL = "-Onone";
				TARGETED_DEVICE_FAMILY = "1,2";
			};
			name = Debug;
		};
		1FE1FD701D89A5520005CA18 /* Release */ = {
			isa = XCBuildConfiguration;
			buildSettings = {
				ALWAYS_SEARCH_USER_PATHS = NO;
				CLANG_ANALYZER_NONNULL = YES;
				CLANG_CXX_LANGUAGE_STANDARD = "gnu++0x";
				CLANG_CXX_LIBRARY = "libc++";
				CLANG_ENABLE_MODULES = YES;
				CLANG_ENABLE_OBJC_ARC = YES;
				CLANG_WARN_BOOL_CONVERSION = YES;
				CLANG_WARN_CONSTANT_CONVERSION = YES;
				CLANG_WARN_DIRECT_OBJC_ISA_USAGE = YES_ERROR;
				CLANG_WARN_DOCUMENTATION_COMMENTS = YES;
				CLANG_WARN_EMPTY_BODY = YES;
				CLANG_WARN_ENUM_CONVERSION = YES;
				CLANG_WARN_INFINITE_RECURSION = YES;
				CLANG_WARN_INT_CONVERSION = YES;
				CLANG_WARN_OBJC_ROOT_CLASS = YES_ERROR;
				CLANG_WARN_SUSPICIOUS_MOVES = YES;
				CLANG_WARN_UNREACHABLE_CODE = YES;
				CLANG_WARN__DUPLICATE_METHOD_MATCH = YES;
				"CODE_SIGN_IDENTITY[sdk=iphoneos*]" = "iPhone Developer";
				COPY_PHASE_STRIP = NO;
				DEBUG_INFORMATION_FORMAT = "dwarf-with-dsym";
				ENABLE_NS_ASSERTIONS = NO;
				ENABLE_STRICT_OBJC_MSGSEND = YES;
				GCC_C_LANGUAGE_STANDARD = gnu99;
				GCC_NO_COMMON_BLOCKS = YES;
				GCC_WARN_64_TO_32_BIT_CONVERSION = YES;
				GCC_WARN_ABOUT_RETURN_TYPE = YES_ERROR;
				GCC_WARN_UNDECLARED_SELECTOR = YES;
				GCC_WARN_UNINITIALIZED_AUTOS = YES_AGGRESSIVE;
				GCC_WARN_UNUSED_FUNCTION = YES;
				GCC_WARN_UNUSED_VARIABLE = YES;
				IPHONEOS_DEPLOYMENT_TARGET = 10.0;
				MTL_ENABLE_DEBUG_INFO = NO;
				SDKROOT = iphoneos;
				SWIFT_OPTIMIZATION_LEVEL = "-Owholemodule";
				TARGETED_DEVICE_FAMILY = "1,2";
				VALIDATE_PRODUCT = YES;
			};
			name = Release;
		};
		1FE1FD721D89A5520005CA18 /* Debug */ = {
			isa = XCBuildConfiguration;
			buildSettings = {
				ASSETCATALOG_COMPILER_COMPLICATION_NAME = Complication;
				INFOPLIST_FILE = "mamr WatchKit Extension/Info.plist";
				LD_RUNPATH_SEARCH_PATHS = "$(inherited) @executable_path/Frameworks @executable_path/../../Frameworks";
				PRODUCT_BUNDLE_IDENTIFIER = fabian.wetekamp.mamr.watchkitapp.watchkitextension;
				PRODUCT_NAME = "${TARGET_NAME}";
				SDKROOT = watchos;
				SKIP_INSTALL = YES;
				SWIFT_VERSION = 3.0;
				TARGETED_DEVICE_FAMILY = 4;
				WATCHOS_DEPLOYMENT_TARGET = 3.0;
			};
			name = Debug;
		};
		1FE1FD731D89A5520005CA18 /* Release */ = {
			isa = XCBuildConfiguration;
			buildSettings = {
				ASSETCATALOG_COMPILER_COMPLICATION_NAME = Complication;
				INFOPLIST_FILE = "mamr WatchKit Extension/Info.plist";
				LD_RUNPATH_SEARCH_PATHS = "$(inherited) @executable_path/Frameworks @executable_path/../../Frameworks";
				PRODUCT_BUNDLE_IDENTIFIER = fabian.wetekamp.mamr.watchkitapp.watchkitextension;
				PRODUCT_NAME = "${TARGET_NAME}";
				SDKROOT = watchos;
				SKIP_INSTALL = YES;
				SWIFT_VERSION = 3.0;
				TARGETED_DEVICE_FAMILY = 4;
				WATCHOS_DEPLOYMENT_TARGET = 3.0;
			};
			name = Release;
		};
		1FE1FD761D89A5520005CA18 /* Debug */ = {
			isa = XCBuildConfiguration;
			buildSettings = {
				ALWAYS_EMBED_SWIFT_STANDARD_LIBRARIES = YES;
				ASSETCATALOG_COMPILER_APPICON_NAME = AppIcon;
				IBSC_MODULE = mamr_WatchKit_Extension;
				INFOPLIST_FILE = "mamr WatchKit App/Info.plist";
				PRODUCT_BUNDLE_IDENTIFIER = fabian.wetekamp.mamr.watchkitapp;
				PRODUCT_NAME = "$(TARGET_NAME)";
				SDKROOT = watchos;
				SKIP_INSTALL = YES;
				SWIFT_VERSION = 3.0;
				TARGETED_DEVICE_FAMILY = 4;
				WATCHOS_DEPLOYMENT_TARGET = 3.0;
			};
			name = Debug;
		};
		1FE1FD771D89A5520005CA18 /* Release */ = {
			isa = XCBuildConfiguration;
			buildSettings = {
				ALWAYS_EMBED_SWIFT_STANDARD_LIBRARIES = YES;
				ASSETCATALOG_COMPILER_APPICON_NAME = AppIcon;
				IBSC_MODULE = mamr_WatchKit_Extension;
				INFOPLIST_FILE = "mamr WatchKit App/Info.plist";
				PRODUCT_BUNDLE_IDENTIFIER = fabian.wetekamp.mamr.watchkitapp;
				PRODUCT_NAME = "$(TARGET_NAME)";
				SDKROOT = watchos;
				SKIP_INSTALL = YES;
				SWIFT_VERSION = 3.0;
				TARGETED_DEVICE_FAMILY = 4;
				WATCHOS_DEPLOYMENT_TARGET = 3.0;
			};
			name = Release;
		};
		1FE1FD7A1D89A5520005CA18 /* Debug */ = {
			isa = XCBuildConfiguration;
			buildSettings = {
				ASSETCATALOG_COMPILER_APPICON_NAME = AppIcon;
				INFOPLIST_FILE = mamr/Info.plist;
				LD_RUNPATH_SEARCH_PATHS = "$(inherited) @executable_path/Frameworks";
				PRODUCT_BUNDLE_IDENTIFIER = fabian.wetekamp.mamr;
				PRODUCT_NAME = "$(TARGET_NAME)";
				SWIFT_VERSION = 3.0;
			};
			name = Debug;
		};
		1FE1FD7B1D89A5520005CA18 /* Release */ = {
			isa = XCBuildConfiguration;
			buildSettings = {
				ASSETCATALOG_COMPILER_APPICON_NAME = AppIcon;
				INFOPLIST_FILE = mamr/Info.plist;
				LD_RUNPATH_SEARCH_PATHS = "$(inherited) @executable_path/Frameworks";
				PRODUCT_BUNDLE_IDENTIFIER = fabian.wetekamp.mamr;
				PRODUCT_NAME = "$(TARGET_NAME)";
				SWIFT_VERSION = 3.0;
			};
			name = Release;
		};
		1FE1FD7D1D89A5520005CA18 /* Debug */ = {
			isa = XCBuildConfiguration;
			buildSettings = {
				ALWAYS_EMBED_SWIFT_STANDARD_LIBRARIES = YES;
				BUNDLE_LOADER = "$(TEST_HOST)";
				INFOPLIST_FILE = mamrTests/Info.plist;
				LD_RUNPATH_SEARCH_PATHS = "$(inherited) @executable_path/Frameworks @loader_path/Frameworks";
				PRODUCT_BUNDLE_IDENTIFIER = fabian.wetekamp.mamrTests;
				PRODUCT_NAME = "$(TARGET_NAME)";
				SWIFT_VERSION = 3.0;
				TEST_HOST = "$(BUILT_PRODUCTS_DIR)/mamr.app/mamr";
			};
			name = Debug;
		};
		1FE1FD7E1D89A5520005CA18 /* Release */ = {
			isa = XCBuildConfiguration;
			buildSettings = {
				ALWAYS_EMBED_SWIFT_STANDARD_LIBRARIES = YES;
				BUNDLE_LOADER = "$(TEST_HOST)";
				INFOPLIST_FILE = mamrTests/Info.plist;
				LD_RUNPATH_SEARCH_PATHS = "$(inherited) @executable_path/Frameworks @loader_path/Frameworks";
				PRODUCT_BUNDLE_IDENTIFIER = fabian.wetekamp.mamrTests;
				PRODUCT_NAME = "$(TARGET_NAME)";
				SWIFT_VERSION = 3.0;
				TEST_HOST = "$(BUILT_PRODUCTS_DIR)/mamr.app/mamr";
			};
			name = Release;
		};
		1FE1FD801D89A5520005CA18 /* Debug */ = {
			isa = XCBuildConfiguration;
			buildSettings = {
				ALWAYS_EMBED_SWIFT_STANDARD_LIBRARIES = YES;
				INFOPLIST_FILE = mamrUITests/Info.plist;
				LD_RUNPATH_SEARCH_PATHS = "$(inherited) @executable_path/Frameworks @loader_path/Frameworks";
				PRODUCT_BUNDLE_IDENTIFIER = fabian.wetekamp.mamrUITests;
				PRODUCT_NAME = "$(TARGET_NAME)";
				SWIFT_VERSION = 3.0;
				TEST_TARGET_NAME = mamr;
			};
			name = Debug;
		};
		1FE1FD811D89A5520005CA18 /* Release */ = {
			isa = XCBuildConfiguration;
			buildSettings = {
				ALWAYS_EMBED_SWIFT_STANDARD_LIBRARIES = YES;
				INFOPLIST_FILE = mamrUITests/Info.plist;
				LD_RUNPATH_SEARCH_PATHS = "$(inherited) @executable_path/Frameworks @loader_path/Frameworks";
				PRODUCT_BUNDLE_IDENTIFIER = fabian.wetekamp.mamrUITests;
				PRODUCT_NAME = "$(TARGET_NAME)";
				SWIFT_VERSION = 3.0;
				TEST_TARGET_NAME = mamr;
			};
			name = Release;
		};
/* End XCBuildConfiguration section */

/* Begin XCConfigurationList section */
		1FE1FD231D89A5510005CA18 /* Build configuration list for PBXProject "mamr" */ = {
			isa = XCConfigurationList;
			buildConfigurations = (
				1FE1FD6F1D89A5520005CA18 /* Debug */,
				1FE1FD701D89A5520005CA18 /* Release */,
			);
			defaultConfigurationIsVisible = 0;
			defaultConfigurationName = Release;
		};
		1FE1FD711D89A5520005CA18 /* Build configuration list for PBXNativeTarget "mamr WatchKit Extension" */ = {
			isa = XCConfigurationList;
			buildConfigurations = (
				1FE1FD721D89A5520005CA18 /* Debug */,
				1FE1FD731D89A5520005CA18 /* Release */,
			);
			defaultConfigurationIsVisible = 0;
		};
		1FE1FD751D89A5520005CA18 /* Build configuration list for PBXNativeTarget "mamr WatchKit App" */ = {
			isa = XCConfigurationList;
			buildConfigurations = (
				1FE1FD761D89A5520005CA18 /* Debug */,
				1FE1FD771D89A5520005CA18 /* Release */,
			);
			defaultConfigurationIsVisible = 0;
		};
		1FE1FD791D89A5520005CA18 /* Build configuration list for PBXNativeTarget "mamr" */ = {
			isa = XCConfigurationList;
			buildConfigurations = (
				1FE1FD7A1D89A5520005CA18 /* Debug */,
				1FE1FD7B1D89A5520005CA18 /* Release */,
			);
			defaultConfigurationIsVisible = 0;
		};
		1FE1FD7C1D89A5520005CA18 /* Build configuration list for PBXNativeTarget "mamrTests" */ = {
			isa = XCConfigurationList;
			buildConfigurations = (
				1FE1FD7D1D89A5520005CA18 /* Debug */,
				1FE1FD7E1D89A5520005CA18 /* Release */,
			);
			defaultConfigurationIsVisible = 0;
		};
		1FE1FD7F1D89A5520005CA18 /* Build configuration list for PBXNativeTarget "mamrUITests" */ = {
			isa = XCConfigurationList;
			buildConfigurations = (
				1FE1FD801D89A5520005CA18 /* Debug */,
				1FE1FD811D89A5520005CA18 /* Release */,
			);
			defaultConfigurationIsVisible = 0;
		};
/* End XCConfigurationList section */
	};
	rootObject = 1FE1FD201D89A5510005CA18 /* Project object */;
}
